github.com/Songmu/prompter v0.5.1 h1:IAsttKsOZWSDw7bV1mtGn9TAmLFAjXbp9I/eYmUUogo=
github.com/Songmu/prompter v0.5.1/go.mod h1:CS3jEPD6h9IaLaG6afrl1orTgII9+uDWuw95dr6xHSw=
github.com/alecthomas/assert/v2 v2.11.0 h1:2Q9r3ki8+JYXvGsDyBXwH3LcJ+WK5D0gc5E8vS6K3D0=
github.com/alecthomas/assert/v2 v2.11.0/go.mod h1:Bze95FyfUr7x34QZrjL+XP+0qgp/zg8yS+TtBj1WA3k=
github.com/alecthomas/kong v1.15.0 h1:BVJstKbpO73zKpmIu+m/aLRrNmWwxXPIGTNin9VmLVI=
github.com/alecthomas/kong v1.15.0/go.mod h1:wrlbXem1CWqUV5Vbmss5ISYhsVPkBb1Yo7YKJghju2I=
github.com/alecthomas/repr v0.5.2 h1:SU73FTI9D1P5UNtvseffFSGmdNci/O6RsqzeXJtP0Qs=
github.com/alecthomas/repr v0.5.2/go.mod h1:Fr0507jx4eOXV7AlPV6AVZLYrLIuIeSOWtW57eE/O/4=
github.com/aws/aws-lambda-go v1.47.0 h1:0H8s0vumYx/YKs4sE7YM0ktwL2eWse+kfopsRI1sXVI=
github.com/aws/aws-lambda-go v1.47.0/go.mod h1:dpMpZgvWx5vuQJfBt0zqBha60q7Dd7RfgJv23DymV8A=
github.com/aws/aws-sdk-go-v2 v1.43.1 h1:t6AQIB1uQ7HJA+0CDRWjOYG5MfwnOyyDsN4vRDHcwIY=
github.com/aws/aws-sdk-go-v2 v1.43.1/go.mod h1:WEzLKBh/mEjXvx1FtQMWgSxMSTVqxQzjkRtk5fa3wkg=
github.com/aws/aws-sdk-go-v2/aws/protocol/eventstream v1.7.15 h1:rq/p1VNFfygoKEQ9hHMKsKBE98lspPvT8IxaFs5mFhw=
github.com/aws/aws-sdk-go-v2/aws/protocol/eventstream v1.7.15/go.mod h1:bELIhlPfW8OkpDhP1MvCjHDtvv8NhiBTz+K4o26zrXA=
github.com/aws/aws-sdk-go-v2/config v1.32.32 h1:CcYdrcIjulT7xbTSqeEInh/PqUWv10LMznfdbNRwHBM=
github.com/aws/aws-sdk-go-v2/config v1.32.32/go.mod h1:Rk+LRPrR2oLWLOqUbhNOKYOJ8chU2aZ/R+Sdi/Bc/+4=
github.com/aws/aws-sdk-go-v2/credentials v1.19.31 h1:olhkNt+ZMx+X40XxeyrflmdBx145TP+3DqaS4s8GsbI=
github.com/aws/aws-sdk-go-v2/credentials v1.19.31/go.mod h1:twHrsQY+gUmkTOsDqYwBBrdP41FvzO86qjiRbj7GXcw=
github.com/aws/aws-sdk-go-v2/feature/ec2/imds v1.18.32 h1:zheY8iDNNzOHGS2aBJ5GWjeRbhsGuSg4+s20NZ0AywQ=
github.com/aws/aws-sdk-go-v2/feature/ec2/imds v1.18.32/go.mod h1:bkw+ZoqafHSo/3lQBm+xzWf4kh79hqP9M2kPtmOFZIY=
github.com/aws/aws-sdk-go-v2/internal/configsources v1.4.32 h1:PqiNS1QVFVctiMX30IwaY6pM3cUUfZFe+HPKmlZVY4I=
github.com/aws/aws-sdk-go-v2/internal/configsources v1.4.32/go.mod h1:jqisrvz2jliDnF3dW4wO9ZT1lHz1d6pXjftFyyZyqjY=
github.com/aws/aws-sdk-go-v2/internal/endpoints/v2 v2.7.32 h1:bWzam6cUCb/BRiZYmmdwPg+FvZy3/QygB9u6z7BIlnM=
github.com/aws/aws-sdk-go-v2/internal/endpoints/v2 v2.7.32/go.mod h1:VGTWlYbW4qvz9djYt2lj35gSAZS5aZ2xKn85wXziw6A=
github.com/aws/aws-sdk-go-v2/internal/v4a v1.4.33 h1:J4GttOtoayrtx24b8NODgSvJTAQ2qj/E5YPEeaYrYh0=
github.com/aws/aws-sdk-go-v2/internal/v4a v1.4.33/go.mod h1:G8G6DL9QyBO/vuHXJ/JG29qy2hBNYrQxDYJmqMStWJ4=
github.com/aws/aws-sdk-go-v2/service/ecr v1.60.1 h1:65usrGlWQldW/I2s7q6RM+3i/55pQNxndB33XsXgiSA=
github.com/aws/aws-sdk-go-v2/service/ecr v1.60.1/go.mod h1:vz1MWl43K8XjZ2OZJMAaRKaw7Qmq5ST0jxIPBagNR64=
github.com/aws/aws-sdk-go-v2/service/ecs v1.89.1 h1:4q9icAgDtq65c8B5geAKUoSGn1H/GleQYKNSBg/1v6k=
github.com/aws/aws-sdk-go-v2/service/ecs v1.89.1/go.mod h1:AZbIplIH0X9Gd8POGp10dzn5vqShD7jwQKLmcuEOvys=
github.com/aws/aws-sdk-go-v2/service/internal/accept-encoding v1.13.14 h1:SA43nfaY7+1jjMNIc2ywu99JLJLButtIdLP6j+bT870=
github.com/aws/aws-sdk-go-v2/service/internal/accept-encoding v1.13.14/go.mod h1:Du3llKcwbQvHsTXSLzTOGQz0DTDBMEzdg7DAGu7inrY=
github.com/aws/aws-sdk-go-v2/service/internal/presigned-url v1.13.32 h1:dWFHhQpbf7Yui4fsy+bJUy54JrmpJHIyAuUkcadqwMo=
github.com/aws/aws-sdk-go-v2/service/internal/presigned-url v1.13.32/go.mod h1:oN4Iix8rAbyTx6tFMP9mS8RFLJnDeZSbSsHwXYSs3tE=
github.com/aws/aws-sdk-go-v2/service/lambda v1.100.1 h1:lqFUFaFWZm1mZ92TVDRnXx4NVLU0tp2eube9PRhFr20=
github.com/aws/aws-sdk-go-v2/service/lambda v1.100.1/go.mod h1:cGH3w8Kl1MFMt+ABHVEV3bmmzoAtavZ4Bw5Jp18murI=
github.com/aws/aws-sdk-go-v2/service/signin v1.5.1 h1:i7p1pinRrWxJp+sD+u2pCWYdcB9vL1VNIPKWssNOp4o=
github.com/aws/aws-sdk-go-v2/service/signin v1.5.1/go.mod h1:gtQTy/o93W5Sx0IFdAkn7Usa+Qg7ydG2+9GC7MoKqPU=
github.com/aws/aws-sdk-go-v2/service/sso v1.33.1 h1:GBLnqpnDEn/+vnBGlxAJ4+jopfzW7vVT0++jLPgWN9A=
github.com/aws/aws-sdk-go-v2/service/sso v1.33.1/go.mod h1:RK3AEzTbSEbGLQDd3qPA5ZLXm6mfB9shq5sbiuaF7AU=
github.com/aws/aws-sdk-go-v2/service/ssooidc v1.38.1 h1:1DWsRED+rRzFQ1rDWpwkipw67tp4kyQByQg9POWYl80=
github.com/aws/aws-sdk-go-v2/service/ssooidc v1.38.1/go.mod h1:nadMS3uTrTANeD214BBuPg/SJpJ/UhBiNuqN1Z2Ay4c=
github.com/aws/aws-sdk-go-v2/service/sts v1.45.1 h1:JugCuomdxnZwjp5xvqSuPgeWRecAvkno7EwXmR/ZXWE=
github.com/aws/aws-sdk-go-v2/service/sts v1.45.1/go.mod h1:dtViDu/XqU2gq1eeTFz7Ijb7xCHoso8CaBOqYVshoqc=
github.com/aws/smithy-go v1.27.5 h1:d1ro7KpYOYwP6m73YFa+Kc/A130VsAdX68SpsJwARMM=
github.com/aws/smithy-go v1.27.5/go.mod h1:YE2RhdIuDbA5E5bTdciG9KrW3+TiEONeUWCqxX9i1Fc=
github.com/davecgh/go-spew v1.1.1 h1:vj9j/u1bqnvCEfJOwUhtlOARqs3+rkHYY13jYWTU97c=
github.com/davecgh/go-spew v1.1.1/go.mod h1:J7Y8YcW2NihsgmVo/mv3lAwl/skON4iLHjSsI+c5H38=
github.com/dustin/go-humanize v1.0.1 h1:GzkhY7T5VNhEkwH0PVJgjz+fX1rhBrR7pRT3mDkpeCY=
github.com/dustin/go-humanize v1.0.1/go.mod h1:Mu1zIs6XwVuF/gI1OepvI0qD18qycQx+mFykh5fBlto=
github.com/fatih/color v1.18.0 h1:S8gINlzdQ840/4pfAwic/ZE0djQEH3wM94VfqLTZcOM=
github.com/fatih/color v1.18.0/go.mod h1:4FelSpRwEGDpQ12mAdzqdOukCy4u8WUtOY6lkT/6HfU=
github.com/fujiwara/logutils v1.1.2 h1:nYVRyTj+5SyCvpZUrYIZU4kubqNycGTxFXMKJBKe0Sg=
github.com/fujiwara/logutils v1.1.2/go.mod h1:pdb/Uk70rjQWEmFm/OvYH7OG8meZt1fEIqC0qZbvro4=
github.com/goccy/go-yaml v1.19.2 h1:PmFC1S6h8ljIz6gMRBopkjP1TVT7xuwrButHID66PoM=
github.com/goccy/go-yaml v1.19.2/go.mod h1:XBurs7gK8ATbW4ZPGKgcbrY1Br56PdM69F7LkFRi1kA=
github.com/google/go-cmp v0.7.0 h1:wk8382ETsv4JYUZwIsn6YpYiWiBsYLSJiTsyBybVuN8=
github.com/google/go-cmp v0.7.0/go.mod h1:pXiqmnSA92OHEEa9HXL2W4E7lf9JzCmGVUdgjX3N/iU=
github.com/google/go-containerregistry v0.21.7 h1:/vPFuVXDjtFREsVArW+0h1CIl5urnOhzei4X2DMW9IU=
github.com/google/go-containerregistry v0.21.7/go.mod h1:kjSbt7/zMsKLWfnHrIvKvhXHUw91jbe9DNjPPJ32gXE=
github.com/hexops/gotextdiff v1.0.3 h1:gitA9+qJrrTCsiCl7+kh75nPqQt1cx4ZkudSTLoUqJM=
github.com/hexops/gotextdiff v1.0.3/go.mod h1:pSWU5MAI3yDq+fZBTazCSJysOMbxWL1BSow5/V2vxeg=
github.com/k1LoW/duration v1.2.0 h1:qq1gWtPh7YROFyerBufVP+ATR11mOOHDInrcC/Xe/6A=
github.com/k1LoW/duration v1.2.0/go.mod h1:qUa0NptIiUl5EUsCc8wIiSaHuNjS4wmpYNMHp0l6pos=
github.com/mattn/go-colorable v0.1.13 h1:fFA4WZxdEF4tXPZVKMLwD8oUnCTTo08duU7wxecdEvA=
github.com/mattn/go-colorable v0.1.13/go.mod h1:7S9/ev0klgBDR4GtXTXX8a3vIGJpMovkB8vQcUbaXHg=
github.com/mattn/go-isatty v0.0.16/go.mod h1:kYGgaQfpe5nmfYZH+SKPsOc2e4SrIfOl2e/yFXSvRLM=
github.com/mattn/go-isatty v0.0.20 h1:xfD0iDuEKnDkl03q4limB+vH+GxLEtL/jb4xVJSWWEY=
github.com/mattn/go-isatty v0.0.20/go.mod h1:W+V8PltTTMOvKvAeJH7IuucS94S2C6jfK/D7dTCTo3Y=
github.com/mattn/go-runewidth v0.0.9 h1:Lm995f3rfxdpd6TSmuVCHVb/QhupuXlYr8sCI/QdE+0=
github.com/mattn/go-runewidth v0.0.9/go.mod h1:H031xJmbD/WCDINGzjvQ9THkh0rPKHF+m2gUSrubnMI=
github.com/olekukonko/tablewriter v0.0.5 h1:P2Ga83D34wi1o9J6Wh1mRuqd4mF/x/lgBS7N7AbDhec=
github.com/olekukonko/tablewriter v0.0.5/go.mod h1:hPp6KlRPjbx+hW8ykQs1w3UBbZlj6HuIJcUGPhkA7kY=
github.com/pmezard/go-difflib v1.0.0 h1:4DBwDE0NGyQoBHbLQYPwSUPoCMWR5BEzIk/f1lZbAQM=
github.com/pmezard/go-difflib v1.0.0/go.mod h1:iKH77koFhYxTK1pcRnkKkqfTogsbg7gZNVY4sRDYZ/4=
github.com/samber/lo v1.53.0 h1:t975lj2py4kJPQ6haz1QMgtId2gtmfktACxIXArw3HM=
github.com/samber/lo v1.53.0/go.mod h1:4+MXEGsJzbKGaUEQFKBq2xtfuznW9oz/WrgyzMzRoM0=
github.com/stretchr/testify v1.7.2 h1:4jaiDzPyXQvSd7D0EjG45355tLlV3VOECpq10pLC+8s=
github.com/stretchr/testify v1.7.2/go.mod h1:R6va5+xMeoiuVRoj+gSkQ7d3FALtqAAGI1FQKckRals=
golang.org/x/sys v0.0.0-20220811171246-fbc7d0a398ab/go.mod h1:oPkhp1MJrh7nUepCBck5+mAzfO9JrbApNNgaTdGDITg=
golang.org/x/sys v0.6.0/go.mod h1:oPkhp1MJrh7nUepCBck5+mAzfO9JrbApNNgaTdGDITg=
golang.org/x/sys v0.46.0 h1:noSf2Fq6F8DBgS+LysIkx7rIExoNHJsxOAtPp4rthXw=
golang.org/x/sys v0.46.0/go.mod h1:4GL1E5IUh+htKOUEOaiffhrAeqysfVGipDYzABqnCmw=
golang.org/x/term v0.0.0-20220526004731-065cf7ba2467 h1:CBpWXWQpIRjzmkkA+M7q9Fqnwd2mZr3AFqexg8YTfoM=
golang.org/x/term v0.0.0-20220526004731-065cf7ba2467/go.mod h1:jbD1KX2456YbFQfuXm/mYQcufACuNUgVhRMnK/tPxf8=
golang.org/x/text v0.22.0 h1:bofq7m3/HAFvbF51jz3Q9wLg3jkvSPuiZu/pD1XwgtM=
golang.org/x/text v0.22.0/go.mod h1:YRoo4H8PVmsu+E3Ou7cqLVH8oXWIHVoX0jqUWALQhfY=
gopkg.in/yaml.v3 v3.0.1 h1:fxVm/GzAzEWqLHuvctI91KS9hhNmmWOoWu0XTYJS7CA=
gopkg.in/yaml.v3 v3.0.1/go.mod h1:K4uyk7z7BCEPqu6E+C64Yfv1cQ7kz7rIZviUmN+EgEM=
